
Microsoft Visual Studio Solution File, Format Version 12.00
# Visual Studio Version 16
VisualStudioVersion = 16.0.30621.155
MinimumVisualStudioVersion = 10.0.40219.1
Project("{8BC9CEB8-8B4A-11D0-8D11-00A0C91BC942}") = "c++_23", "c++_23\c++_23.vcxproj", "{18D7C992-1FE3-4ECE-9F0E-20A4B8710364}"
EndProject
Global
	GlobalSection(SolutionConfigurationPlatforms) = preSolution
		Debug|x64 = Debug|x64
		Debug|x86 = Debug|x86
		Release|x64 = Release|x64
		Release|x86 = Release|x86
	EndGlobalSection
	GlobalSection(ProjectConfigurationPlatforms) = postSolution
		{18D7C992-1FE3-4ECE-9F0E-20A4B8710364}.Debug|x64.ActiveCfg = Debug|x64
		{18D7C992-1FE3-4ECE-9F0E-20A4B8710364}.Debug|x64.Build.0 = Debug|x64
		{18D7C992-1FE3-4ECE-9F0E-20A4B8710364}.Debug|x86.ActiveCfg = Debug|Win32
		{18D7C992-1FE3-4ECE-9F0E-20A4B8710364}.Debug|x86.Build.0 = Debug|Win32
		{18D7C992-1FE3-4ECE-9F0E-20A4B8710364}.Release|x64.ActiveCfg = Release|x64
		{18D7C992-1FE3-4ECE-9F0E-20A4B8710364}.Release|x64.Build.0 = Release|x64
		{18D7C992-1FE3-4ECE-9F0E-20A4B8710364}.Release|x86.ActiveCfg = Release|Win32
		{18D7C992-1FE3-4ECE-9F0E-20A4B8710364}.Release|x86.Build.0 = Release|Win32
	EndGlobalSection
	GlobalSection(SolutionProperties) = preSolution
		HideSolutionNode = FALSE
	EndGlobalSection
	GlobalSection(ExtensibilityGlobals) = postSolution
		SolutionGuid = {C597AB8B-D414-4833-BDA1-C32B856AE917}
	EndGlobalSection
EndGlobal
