
Microsoft Visual Studio Solution File, Format Version 12.00
# Visual Studio Version 16
VisualStudioVersion = 16.0.30621.155
MinimumVisualStudioVersion = 10.0.40219.1
Project("{8BC9CEB8-8B4A-11D0-8D11-00A0C91BC942}") = "c++_12", "c++_12\c++_12.vcxproj", "{F288AF91-2724-4200-921B-A3ED699374EA}"
EndProject
Global
	GlobalSection(SolutionConfigurationPlatforms) = preSolution
		Debug|x64 = Debug|x64
		Debug|x86 = Debug|x86
		Release|x64 = Release|x64
		Release|x86 = Release|x86
	EndGlobalSection
	GlobalSection(ProjectConfigurationPlatforms) = postSolution
		{F288AF91-2724-4200-921B-A3ED699374EA}.Debug|x64.ActiveCfg = Debug|x64
		{F288AF91-2724-4200-921B-A3ED699374EA}.Debug|x64.Build.0 = Debug|x64
		{F288AF91-2724-4200-921B-A3ED699374EA}.Debug|x86.ActiveCfg = Debug|Win32
		{F288AF91-2724-4200-921B-A3ED699374EA}.Debug|x86.Build.0 = Debug|Win32
		{F288AF91-2724-4200-921B-A3ED699374EA}.Release|x64.ActiveCfg = Release|x64
		{F288AF91-2724-4200-921B-A3ED699374EA}.Release|x64.Build.0 = Release|x64
		{F288AF91-2724-4200-921B-A3ED699374EA}.Release|x86.ActiveCfg = Release|Win32
		{F288AF91-2724-4200-921B-A3ED699374EA}.Release|x86.Build.0 = Release|Win32
	EndGlobalSection
	GlobalSection(SolutionProperties) = preSolution
		HideSolutionNode = FALSE
	EndGlobalSection
	GlobalSection(ExtensibilityGlobals) = postSolution
		SolutionGuid = {4D8698F1-48BD-448D-801B-EDD4F0A125D9}
	EndGlobalSection
EndGlobal
