
Microsoft Visual Studio Solution File, Format Version 12.00
# Visual Studio Version 16
VisualStudioVersion = 16.0.30621.155
MinimumVisualStudioVersion = 10.0.40219.1
Project("{8BC9CEB8-8B4A-11D0-8D11-00A0C91BC942}") = "c++_2", "c++_2\c++_2.vcxproj", "{DFAB05BC-4DCF-49F4-810A-7BFFC6A143AD}"
EndProject
Global
	GlobalSection(SolutionConfigurationPlatforms) = preSolution
		Debug|x64 = Debug|x64
		Debug|x86 = Debug|x86
		Release|x64 = Release|x64
		Release|x86 = Release|x86
	EndGlobalSection
	GlobalSection(ProjectConfigurationPlatforms) = postSolution
		{DFAB05BC-4DCF-49F4-810A-7BFFC6A143AD}.Debug|x64.ActiveCfg = Debug|x64
		{DFAB05BC-4DCF-49F4-810A-7BFFC6A143AD}.Debug|x64.Build.0 = Debug|x64
		{DFAB05BC-4DCF-49F4-810A-7BFFC6A143AD}.Debug|x86.ActiveCfg = Debug|Win32
		{DFAB05BC-4DCF-49F4-810A-7BFFC6A143AD}.Debug|x86.Build.0 = Debug|Win32
		{DFAB05BC-4DCF-49F4-810A-7BFFC6A143AD}.Release|x64.ActiveCfg = Release|x64
		{DFAB05BC-4DCF-49F4-810A-7BFFC6A143AD}.Release|x64.Build.0 = Release|x64
		{DFAB05BC-4DCF-49F4-810A-7BFFC6A143AD}.Release|x86.ActiveCfg = Release|Win32
		{DFAB05BC-4DCF-49F4-810A-7BFFC6A143AD}.Release|x86.Build.0 = Release|Win32
	EndGlobalSection
	GlobalSection(SolutionProperties) = preSolution
		HideSolutionNode = FALSE
	EndGlobalSection
	GlobalSection(ExtensibilityGlobals) = postSolution
		SolutionGuid = {BB24D3E4-1BB0-4A5C-B878-4E6D80F82372}
	EndGlobalSection
EndGlobal
